
Microsoft Visual Studio Solution File, Format Version 12.00
# Visual Studio Version 17
VisualStudioVersion = 17.8.34511.84
MinimumVisualStudioVersion = 10.0.40219.1
Project("{888888A0-9F3D-457C-B088-3A5042F75D52}") = "python_plotting", "python_plotting.pyproj", "{F69A2D95-17F4-4473-863A-220B91F9D98A}"
EndProject
Global
	GlobalSection(SolutionConfigurationPlatforms) = preSolution
		Debug|Any CPU = Debug|Any CPU
		Release|Any CPU = Release|Any CPU
	EndGlobalSection
	GlobalSection(ProjectConfigurationPlatforms) = postSolution
		{F69A2D95-17F4-4473-863A-220B91F9D98A}.Debug|Any CPU.ActiveCfg = Debug|Any CPU
		{F69A2D95-17F4-4473-863A-220B91F9D98A}.Release|Any CPU.ActiveCfg = Release|Any CPU
	EndGlobalSection
	GlobalSection(SolutionProperties) = preSolution
		HideSolutionNode = FALSE
	EndGlobalSection
	GlobalSection(ExtensibilityGlobals) = postSolution
		SolutionGuid = {FD01AC7F-C410-45AF-AE2B-7DBADAE917C8}
	EndGlobalSection
EndGlobal
